
Microsoft Visual Studio Solution File, Format Version 12.00
# Visual Studio 2012
Project("{FAE04EC0-301F-11D3-BF4B-00C04F79EFBC}") = "MongoDbChat.WpfClient", "MongoDbChat.WpfClient\MongoDbChat.WpfClient.csproj", "{853AD545-0FAE-48C4-9ACE-17B57CED32E5}"
EndProject
Global
	GlobalSection(SolutionConfigurationPlatforms) = preSolution
		Debug|Any CPU = Debug|Any CPU
		Release|Any CPU = Release|Any CPU
	EndGlobalSection
	GlobalSection(ProjectConfigurationPlatforms) = postSolution
		{853AD545-0FAE-48C4-9ACE-17B57CED32E5}.Debug|Any CPU.ActiveCfg = Debug|Any CPU
		{853AD545-0FAE-48C4-9ACE-17B57CED32E5}.Debug|Any CPU.Build.0 = Debug|Any CPU
		{853AD545-0FAE-48C4-9ACE-17B57CED32E5}.Release|Any CPU.ActiveCfg = Release|Any CPU
		{853AD545-0FAE-48C4-9ACE-17B57CED32E5}.Release|Any CPU.Build.0 = Release|Any CPU
	EndGlobalSection
	GlobalSection(SolutionProperties) = preSolution
		HideSolutionNode = FALSE
	EndGlobalSection
EndGlobal
