
Microsoft Visual Studio Solution File, Format Version 11.00
# Visual Studio 2010
Project("{FAE04EC0-301F-11D3-BF4B-00C04F79EFBC}") = "01 - safe sqrt", "01 - safe sqrt\01 - safe sqrt.csproj", "{FE6520EA-EACD-4760-8643-DE029EC89F34}"
EndProject
Project("{FAE04EC0-301F-11D3-BF4B-00C04F79EFBC}") = "02 - Fill an Array", "02 - Fill an Array\02 - Fill an Array.csproj", "{D9F7F93A-F6E0-4632-9529-9DC06712DAD3}"
EndProject
Project("{FAE04EC0-301F-11D3-BF4B-00C04F79EFBC}") = "03 - read file exceptions", "03 - read file exceptions\03 - read file exceptions.csproj", "{FB774BF8-43F9-42FB-9EDD-2491AA69B104}"
EndProject
Project("{FAE04EC0-301F-11D3-BF4B-00C04F79EFBC}") = "04 - Download", "04 - Download\04 - Download.csproj", "{CFD78280-6BDC-44A0-A1A5-4359D031DF71}"
EndProject
Global
	GlobalSection(SolutionConfigurationPlatforms) = preSolution
		Debug|x86 = Debug|x86
		Release|x86 = Release|x86
	EndGlobalSection
	GlobalSection(ProjectConfigurationPlatforms) = postSolution
		{FE6520EA-EACD-4760-8643-DE029EC89F34}.Debug|x86.ActiveCfg = Debug|x86
		{FE6520EA-EACD-4760-8643-DE029EC89F34}.Debug|x86.Build.0 = Debug|x86
		{FE6520EA-EACD-4760-8643-DE029EC89F34}.Release|x86.ActiveCfg = Release|x86
		{FE6520EA-EACD-4760-8643-DE029EC89F34}.Release|x86.Build.0 = Release|x86
		{D9F7F93A-F6E0-4632-9529-9DC06712DAD3}.Debug|x86.ActiveCfg = Debug|x86
		{D9F7F93A-F6E0-4632-9529-9DC06712DAD3}.Debug|x86.Build.0 = Debug|x86
		{D9F7F93A-F6E0-4632-9529-9DC06712DAD3}.Release|x86.ActiveCfg = Release|x86
		{D9F7F93A-F6E0-4632-9529-9DC06712DAD3}.Release|x86.Build.0 = Release|x86
		{FB774BF8-43F9-42FB-9EDD-2491AA69B104}.Debug|x86.ActiveCfg = Debug|x86
		{FB774BF8-43F9-42FB-9EDD-2491AA69B104}.Debug|x86.Build.0 = Debug|x86
		{FB774BF8-43F9-42FB-9EDD-2491AA69B104}.Release|x86.ActiveCfg = Release|x86
		{FB774BF8-43F9-42FB-9EDD-2491AA69B104}.Release|x86.Build.0 = Release|x86
		{CFD78280-6BDC-44A0-A1A5-4359D031DF71}.Debug|x86.ActiveCfg = Debug|x86
		{CFD78280-6BDC-44A0-A1A5-4359D031DF71}.Debug|x86.Build.0 = Debug|x86
		{CFD78280-6BDC-44A0-A1A5-4359D031DF71}.Release|x86.ActiveCfg = Release|x86
		{CFD78280-6BDC-44A0-A1A5-4359D031DF71}.Release|x86.Build.0 = Release|x86
	EndGlobalSection
	GlobalSection(SolutionProperties) = preSolution
		HideSolutionNode = FALSE
	EndGlobalSection
EndGlobal
